// !$*UTF8*$!
{
	archiveVersion = 1;
	classes = {
	};
	objectVersion = 56;
	objects = {

/* Begin PBXBuildFile section */
		CC51418A29B9ED310008C3E3 /* AppDelegate.swift in Sources */ = {isa = PBXBuildFile; fileRef = CC51418929B9ED310008C3E3 /* AppDelegate.swift */; };
		CC51418C29B9ED310008C3E3 /* SceneDelegate.swift in Sources */ = {isa = PBXBuildFile; fileRef = CC51418B29B9ED310008C3E3 /* SceneDelegate.swift */; };
		CC51418E29B9ED310008C3E3 /* ViewController.swift in Sources */ = {isa = PBXBuildFile; fileRef = CC51418D29B9ED310008C3E3 /* ViewController.swift */; };
		CC51419129B9ED310008C3E3 /* Main.storyboard in Resources */ = {isa = PBXBuildFile; fileRef = CC51418F29B9ED310008C3E3 /* Main.storyboard */; };
		CC51419429B9ED310008C3E3 /* test.xcdatamodeld in Sources */ = {isa = PBXBuildFile; fileRef = CC51419229B9ED310008C3E3 /* test.xcdatamodeld */; };
		CC51419629B9ED320008C3E3 /* Assets.xcassets in Resources */ = {isa = PBXBuildFile; fileRef = CC51419529B9ED320008C3E3 /* Assets.xcassets */; };
		CC51419929B9ED320008C3E3 /* LaunchScreen.storyboard in Resources */ = {isa = PBXBuildFile; fileRef = CC51419729B9ED320008C3E3 /* LaunchScreen.storyboard */; };
		CC5141A429B9ED320008C3E3 /* testTests.swift in Sources */ = {isa = PBXBuildFile; fileRef = CC5141A329B9ED320008C3E3 /* testTests.swift */; };
		CC5141AE29B9ED320008C3E3 /* testUITests.swift in Sources */ = {isa = PBXBuildFile; fileRef = CC5141AD29B9ED320008C3E3 /* testUITests.swift */; };
		CC5141B029B9ED320008C3E3 /* testUITestsLaunchTests.swift in Sources */ = {isa = PBXBuildFile; fileRef = CC5141AF29B9ED320008C3E3 /* testUITestsLaunchTests.swift */; };
/* End PBXBuildFile section */

/* Begin PBXContainerItemProxy section */
		CC5141A029B9ED320008C3E3 /* PBXContainerItemProxy */ = {
			isa = PBXContainerItemProxy;
			containerPortal = CC51417E29B9ED310008C3E3 /* Project object */;
			proxyType = 1;
			remoteGlobalIDString = CC51418529B9ED310008C3E3;
			remoteInfo = test;
		};
		CC5141AA29B9ED320008C3E3 /* PBXContainerItemProxy */ = {
			isa = PBXContainerItemProxy;
			containerPortal = CC51417E29B9ED310008C3E3 /* Project object */;
			proxyType = 1;
			remoteGlobalIDString = CC51418529B9ED310008C3E3;
			remoteInfo = test;
		};
/* End PBXContainerItemProxy section */

/* Begin PBXFileReference section */
		CC51418629B9ED310008C3E3 /* test.app */ = {isa = PBXFileReference; explicitFileType = wrapper.application; includeInIndex = 0; path = test.app; sourceTree = BUILT_PRODUCTS_DIR; };
		CC51418929B9ED310008C3E3 /* AppDelegate.swift */ = {isa = PBXFileReference; lastKnownFileType = sourcecode.swift; path = AppDelegate.swift; sourceTree = "<group>"; };
		CC51418B29B9ED310008C3E3 /* SceneDelegate.swift */ = {isa = PBXFileReference; lastKnownFileType = sourcecode.swift; path = SceneDelegate.swift; sourceTree = "<group>"; };
		CC51418D29B9ED310008C3E3 /* ViewController.swift */ = {isa = PBXFileReference; lastKnownFileType = sourcecode.swift; path = ViewController.swift; sourceTree = "<group>"; };
		CC51419029B9ED310008C3E3 /* Base */ = {isa = PBXFileReference; lastKnownFileType = file.storyboard; name = Base; path = Base.lproj/Main.storyboard; sourceTree = "<group>"; };
		CC51419329B9ED310008C3E3 /* test.xcdatamodel */ = {isa = PBXFileReference; lastKnownFileType = wrapper.xcdatamodel; path = test.xcdatamodel; sourceTree = "<group>"; };
		CC51419529B9ED320008C3E3 /* Assets.xcassets */ = {isa = PBXFileReference; lastKnownFileType = folder.assetcatalog; path = Assets.xcassets; sourceTree = "<group>"; };
		CC51419829B9ED320008C3E3 /* Base */ = {isa = PBXFileReference; lastKnownFileType = file.storyboard; name = Base; path = Base.lproj/LaunchScreen.storyboard; sourceTree = "<group>"; };
		CC51419A29B9ED320008C3E3 /* Info.plist */ = {isa = PBXFileReference; lastKnownFileType = text.plist.xml; path = Info.plist; sourceTree = "<group>"; };
		CC51419F29B9ED320008C3E3 /* testTests.xctest */ = {isa = PBXFileReference; explicitFileType = wrapper.cfbundle; includeInIndex = 0; path = testTests.xctest; sourceTree = BUILT_PRODUCTS_DIR; };
		CC5141A329B9ED320008C3E3 /* testTests.swift */ = {isa = PBXFileReference; lastKnownFileType = sourcecode.swift; path = testTests.swift; sourceTree = "<group>"; };
		CC5141A929B9ED320008C3E3 /* testUITests.xctest */ = {isa = PBXFileReference; explicitFileType = wrapper.cfbundle; includeInIndex = 0; path = testUITests.xctest; sourceTree = BUILT_PRODUCTS_DIR; };
		CC5141AD29B9ED320008C3E3 /* testUITests.swift */ = {isa = PBXFileReference; lastKnownFileType = sourcecode.swift; path = testUITests.swift; sourceTree = "<group>"; };
		CC5141AF29B9ED320008C3E3 /* testUITestsLaunchTests.swift */ = {isa = PBXFileReference; lastKnownFileType = sourcecode.swift; path = testUITestsLaunchTests.swift; sourceTree = "<group>"; };
/* End PBXFileReference section */

/* Begin PBXFrameworksBuildPhase section */
		CC51418329B9ED310008C3E3 /* Frameworks */ = {
			isa = PBXFrameworksBuildPhase;
			buildActionMask = 2147483647;
			files = (
			);
			runOnlyForDeploymentPostprocessing = 0;
		};
		CC51419C29B9ED320008C3E3 /* Frameworks */ = {
			isa = PBXFrameworksBuildPhase;
			buildActionMask = 2147483647;
			files = (
			);
			runOnlyForDeploymentPostprocessing = 0;
		};
		CC5141A629B9ED320008C3E3 /* Frameworks */ = {
			isa = PBXFrameworksBuildPhase;
			buildActionMask = 2147483647;
			files = (
			);
			runOnlyForDeploymentPostprocessing = 0;
		};
/* End PBXFrameworksBuildPhase section */

/* Begin PBXGroup section */
		CC51417D29B9ED310008C3E3 = {
			isa = PBXGroup;
			children = (
				CC51418829B9ED310008C3E3 /* test */,
				CC5141A229B9ED320008C3E3 /* testTests */,
				CC5141AC29B9ED320008C3E3 /* testUITests */,
				CC51418729B9ED310008C3E3 /* Products */,
			);
			sourceTree = "<group>";
		};
		CC51418729B9ED310008C3E3 /* Products */ = {
			isa = PBXGroup;
			children = (
				CC51418629B9ED310008C3E3 /* test.app */,
				CC51419F29B9ED320008C3E3 /* testTests.xctest */,
				CC5141A929B9ED320008C3E3 /* testUITests.xctest */,
			);
			name = Products;
			sourceTree = "<group>";
		};
		CC51418829B9ED310008C3E3 /* test */ = {
			isa = PBXGroup;
			children = (
				CC51418929B9ED310008C3E3 /* AppDelegate.swift */,
				CC51418B29B9ED310008C3E3 /* SceneDelegate.swift */,
				CC51418D29B9ED310008C3E3 /* ViewController.swift */,
				CC51418F29B9ED310008C3E3 /* Main.storyboard */,
				CC51419529B9ED320008C3E3 /* Assets.xcassets */,
				CC51419729B9ED320008C3E3 /* LaunchScreen.storyboard */,
				CC51419A29B9ED320008C3E3 /* Info.plist */,
				CC51419229B9ED310008C3E3 /* test.xcdatamodeld */,
			);
			path = test;
			sourceTree = "<group>";
		};
		CC5141A229B9ED320008C3E3 /* testTests */ = {
			isa = PBXGroup;
			children = (
				CC5141A329B9ED320008C3E3 /* testTests.swift */,
			);
			path = testTests;
			sourceTree = "<group>";
		};
		CC5141AC29B9ED320008C3E3 /* testUITests */ = {
			isa = PBXGroup;
			children = (
				CC5141AD29B9ED320008C3E3 /* testUITests.swift */,
				CC5141AF29B9ED320008C3E3 /* testUITestsLaunchTests.swift */,
			);
			path = testUITests;
			sourceTree = "<group>";
		};
/* End PBXGroup section */

/* Begin PBXNativeTarget section */
		CC51418529B9ED310008C3E3 /* test */ = {
			isa = PBXNativeTarget;
			buildConfigurationList = CC5141B329B9ED320008C3E3 /* Build configuration list for PBXNativeTarget "test" */;
			buildPhases = (
				CC51418229B9ED310008C3E3 /* Sources */,
				CC51418329B9ED310008C3E3 /* Frameworks */,
				CC51418429B9ED310008C3E3 /* Resources */,
			);
			buildRules = (
			);
			dependencies = (
			);
			name = test;
			productName = test;
			productReference = CC51418629B9ED310008C3E3 /* test.app */;
			productType = "com.apple.product-type.application";
		};
		CC51419E29B9ED320008C3E3 /* testTests */ = {
			isa = PBXNativeTarget;
			buildConfigurationList = CC5141B629B9ED320008C3E3 /* Build configuration list for PBXNativeTarget "testTests" */;
			buildPhases = (
				CC51419B29B9ED320008C3E3 /* Sources */,
				CC51419C29B9ED320008C3E3 /* Frameworks */,
				CC51419D29B9ED320008C3E3 /* Resources */,
			);
			buildRules = (
			);
			dependencies = (
				CC5141A129B9ED320008C3E3 /* PBXTargetDependency */,
			);
			name = testTests;
			productName = testTests;
			productReference = CC51419F29B9ED320008C3E3 /* testTests.xctest */;
			productType = "com.apple.product-type.bundle.unit-test";
		};
		CC5141A829B9ED320008C3E3 /* testUITests */ = {
			isa = PBXNativeTarget;
			buildConfigurationList = CC5141B929B9ED320008C3E3 /* Build configuration list for PBXNativeTarget "testUITests" */;
			buildPhases = (
				CC5141A529B9ED320008C3E3 /* Sources */,
				CC5141A629B9ED320008C3E3 /* Frameworks */,
				CC5141A729B9ED320008C3E3 /* Resources */,
			);
			buildRules = (
			);
			dependencies = (
				CC5141AB29B9ED320008C3E3 /* PBXTargetDependency */,
			);
			name = testUITests;
			productName = testUITests;
			productReference = CC5141A929B9ED320008C3E3 /* testUITests.xctest */;
			productType = "com.apple.product-type.bundle.ui-testing";
		};
/* End PBXNativeTarget section */

/* Begin PBXProject section */
		CC51417E29B9ED310008C3E3 /* Project object */ = {
			isa = PBXProject;
			attributes = {
				BuildIndependentTargetsInParallel = 1;
				LastSwiftUpdateCheck = 1420;
				LastUpgradeCheck = 1420;
				TargetAttributes = {
					CC51418529B9ED310008C3E3 = {
						CreatedOnToolsVersion = 14.2;
					};
					CC51419E29B9ED320008C3E3 = {
						CreatedOnToolsVersion = 14.2;
						TestTargetID = CC51418529B9ED310008C3E3;
					};
					CC5141A829B9ED320008C3E3 = {
						CreatedOnToolsVersion = 14.2;
						TestTargetID = CC51418529B9ED310008C3E3;
					};
				};
			};
			buildConfigurationList = CC51418129B9ED310008C3E3 /* Build configuration list for PBXProject "test" */;
			compatibilityVersion = "Xcode 14.0";
			developmentRegion = en;
			hasScannedForEncodings = 0;
			knownRegions = (
				en,
				Base,
			);
			mainGroup = CC51417D29B9ED310008C3E3;
			productRefGroup = CC51418729B9ED310008C3E3 /* Products */;
			projectDirPath = "";
			projectRoot = "";
			targets = (
				CC51418529B9ED310008C3E3 /* test */,
				CC51419E29B9ED320008C3E3 /* testTests */,
				CC5141A829B9ED320008C3E3 /* testUITests */,
			);
		};
/* End PBXProject section */

/* Begin PBXResourcesBuildPhase section */
		CC51418429B9ED310008C3E3 /* Resources */ = {
			isa = PBXResourcesBuildPhase;
			buildActionMask = 2147483647;
			files = (
				CC51419929B9ED320008C3E3 /* LaunchScreen.storyboard in Resources */,
				CC51419629B9ED320008C3E3 /* Assets.xcassets in Resources */,
				CC51419129B9ED310008C3E3 /* Main.storyboard in Resources */,
			);
			runOnlyForDeploymentPostprocessing = 0;
		};
		CC51419D29B9ED320008C3E3 /* Resources */ = {
			isa = PBXResourcesBuildPhase;
			buildActionMask = 2147483647;
			files = (
			);
			runOnlyForDeploymentPostprocessing = 0;
		};
		CC5141A729B9ED320008C3E3 /* Resources */ = {
			isa = PBXResourcesBuildPhase;
			buildActionMask = 2147483647;
			files = (
			);
			runOnlyForDeploymentPostprocessing = 0;
		};
/* End PBXResourcesBuildPhase section */

/* Begin PBXSourcesBuildPhase section */
		CC51418229B9ED310008C3E3 /* Sources */ = {
			isa = PBXSourcesBuildPhase;
			buildActionMask = 2147483647;
			files = (
				CC51418E29B9ED310008C3E3 /* ViewController.swift in Sources */,
				CC51419429B9ED310008C3E3 /* test.xcdatamodeld in Sources */,
				CC51418A29B9ED310008C3E3 /* AppDelegate.swift in Sources */,
				CC51418C29B9ED310008C3E3 /* SceneDelegate.swift in Sources */,
			);
			runOnlyForDeploymentPostprocessing = 0;
		};
		CC51419B29B9ED320008C3E3 /* Sources */ = {
			isa = PBXSourcesBuildPhase;
			buildActionMask = 2147483647;
			files = (
				CC5141A429B9ED320008C3E3 /* testTests.swift in Sources */,
			);
			runOnlyForDeploymentPostprocessing = 0;
		};
		CC5141A529B9ED320008C3E3 /* Sources */ = {
			isa = PBXSourcesBuildPhase;
			buildActionMask = 2147483647;
			files = (
				CC5141B029B9ED320008C3E3 /* testUITestsLaunchTests.swift in Sources */,
				CC5141AE29B9ED320008C3E3 /* testUITests.swift in Sources */,
			);
			runOnlyForDeploymentPostprocessing = 0;
		};
/* End PBXSourcesBuildPhase section */

/* Begin PBXTargetDependency section */
		CC5141A129B9ED320008C3E3 /* PBXTargetDependency */ = {
			isa = PBXTargetDependency;
			target = CC51418529B9ED310008C3E3 /* test */;
			targetProxy = CC5141A029B9ED320008C3E3 /* PBXContainerItemProxy */;
		};
		CC5141AB29B9ED320008C3E3 /* PBXTargetDependency */ = {
			isa = PBXTargetDependency;
			target = CC51418529B9ED310008C3E3 /* test */;
			targetProxy = CC5141AA29B9ED320008C3E3 /* PBXContainerItemProxy */;
		};
/* End PBXTargetDependency section */

/* Begin PBXVariantGroup section */
		CC51418F29B9ED310008C3E3 /* Main.storyboard */ = {
			isa = PBXVariantGroup;
			children = (
				CC51419029B9ED310008C3E3 /* Base */,
			);
			name = Main.storyboard;
			sourceTree = "<group>";
		};
		CC51419729B9ED320008C3E3 /* LaunchScreen.storyboard */ = {
			isa = PBXVariantGroup;
			children = (
				CC51419829B9ED320008C3E3 /* Base */,
			);
			name = LaunchScreen.storyboard;
			sourceTree = "<group>";
		};
/* End PBXVariantGroup section */

/* Begin XCBuildConfiguration section */
		CC5141B129B9ED320008C3E3 /* Debug */ = {
			isa = XCBuildConfiguration;
			buildSettings = {
				ALWAYS_SEARCH_USER_PATHS = NO;
				CLANG_ANALYZER_NONNULL = YES;
				CLANG_ANALYZER_NUMBER_OBJECT_CONVERSION = YES_AGGRESSIVE;
				CLANG_CXX_LANGUAGE_STANDARD = "gnu++20";
				CLANG_ENABLE_MODULES = YES;
				CLANG_ENABLE_OBJC_ARC = YES;
				CLANG_ENABLE_OBJC_WEAK = YES;
				CLANG_WARN_BLOCK_CAPTURE_AUTORELEASING = YES;
				CLANG_WARN_BOOL_CONVERSION = YES;
				CLANG_WARN_COMMA = YES;
				CLANG_WARN_CONSTANT_CONVERSION = YES;
				CLANG_WARN_DEPRECATED_OBJC_IMPLEMENTATIONS = YES;
				CLANG_WARN_DIRECT_OBJC_ISA_USAGE = YES_ERROR;
				CLANG_WARN_DOCUMENTATION_COMMENTS = YES;
				CLANG_WARN_EMPTY_BODY = YES;
				CLANG_WARN_ENUM_CONVERSION = YES;
				CLANG_WARN_INFINITE_RECURSION = YES;
				CLANG_WARN_INT_CONVERSION = YES;
				CLANG_WARN_NON_LITERAL_NULL_CONVERSION = YES;
				CLANG_WARN_OBJC_IMPLICIT_RETAIN_SELF = YES;
				CLANG_WARN_OBJC_LITERAL_CONVERSION = YES;
				CLANG_WARN_OBJC_ROOT_CLASS = YES_ERROR;
				CLANG_WARN_QUOTED_INCLUDE_IN_FRAMEWORK_HEADER = YES;
				CLANG_WARN_RANGE_LOOP_ANALYSIS = YES;
				CLANG_WARN_STRICT_PROTOTYPES = YES;
				CLANG_WARN_SUSPICIOUS_MOVE = YES;
				CLANG_WARN_UNGUARDED_AVAILABILITY = YES_AGGRESSIVE;
				CLANG_WARN_UNREACHABLE_CODE = YES;
				CLANG_WARN__DUPLICATE_METHOD_MATCH = YES;
				COPY_PHASE_STRIP = NO;
				DEBUG_INFORMATION_FORMAT = dwarf;
				ENABLE_STRICT_OBJC_MSGSEND = YES;
				ENABLE_TESTABILITY = YES;
				GCC_C_LANGUAGE_STANDARD = gnu11;
				GCC_DYNAMIC_NO_PIC = NO;
				GCC_NO_COMMON_BLOCKS = YES;
				GCC_OPTIMIZATION_LEVEL = 0;
				GCC_PREPROCESSOR_DEFINITIONS = (
					"DEBUG=1",
					"$(inherited)",
				);
				GCC_WARN_64_TO_32_BIT_CONVERSION = YES;
				GCC_WARN_ABOUT_RETURN_TYPE = YES_ERROR;
				GCC_WARN_UNDECLARED_SELECTOR = YES;
				GCC_WARN_UNINITIALIZED_AUTOS = YES_AGGRESSIVE;
				GCC_WARN_UNUSED_FUNCTION = YES;
				GCC_WARN_UNUSED_VARIABLE = YES;
				IPHONEOS_DEPLOYMENT_TARGET = 16.2;
				MTL_ENABLE_DEBUG_INFO = INCLUDE_SOURCE;
				MTL_FAST_MATH = YES;
				ONLY_ACTIVE_ARCH = YES;
				SDKROOT = iphoneos;
				SWIFT_ACTIVE_COMPILATION_CONDITIONS = DEBUG;
				SWIFT_OPTIMIZATION_LEVEL = "-Onone";
			};
			name = Debug;
		};
		CC5141B229B9ED320008C3E3 /* Release */ = {
			isa = XCBuildConfiguration;
			buildSettings = {
				ALWAYS_SEARCH_USER_PATHS = NO;
				CLANG_ANALYZER_NONNULL = YES;
				CLANG_ANALYZER_NUMBER_OBJECT_CONVERSION = YES_AGGRESSIVE;
				CLANG_CXX_LANGUAGE_STANDARD = "gnu++20";
				CLANG_ENABLE_MODULES = YES;
				CLANG_ENABLE_OBJC_ARC = YES;
				CLANG_ENABLE_OBJC_WEAK = YES;
				CLANG_WARN_BLOCK_CAPTURE_AUTORELEASING = YES;
				CLANG_WARN_BOOL_CONVERSION = YES;
				CLANG_WARN_COMMA = YES;
				CLANG_WARN_CONSTANT_CONVERSION = YES;
				CLANG_WARN_DEPRECATED_OBJC_IMPLEMENTATIONS = YES;
				CLANG_WARN_DIRECT_OBJC_ISA_USAGE = YES_ERROR;
				CLANG_WARN_DOCUMENTATION_COMMENTS = YES;
				CLANG_WARN_EMPTY_BODY = YES;
				CLANG_WARN_ENUM_CONVERSION = YES;
				CLANG_WARN_INFINITE_RECURSION = YES;
				CLANG_WARN_INT_CONVERSION = YES;
				CLANG_WARN_NON_LITERAL_NULL_CONVERSION = YES;
				CLANG_WARN_OBJC_IMPLICIT_RETAIN_SELF = YES;
				CLANG_WARN_OBJC_LITERAL_CONVERSION = YES;
				CLANG_WARN_OBJC_ROOT_CLASS = YES_ERROR;
				CLANG_WARN_QUOTED_INCLUDE_IN_FRAMEWORK_HEADER = YES;
				CLANG_WARN_RANGE_LOOP_ANALYSIS = YES;
				CLANG_WARN_STRICT_PROTOTYPES = YES;
				CLANG_WARN_SUSPICIOUS_MOVE = YES;
				CLANG_WARN_UNGUARDED_AVAILABILITY = YES_AGGRESSIVE;
				CLANG_WARN_UNREACHABLE_CODE = YES;
				CLANG_WARN__DUPLICATE_METHOD_MATCH = YES;
				COPY_PHASE_STRIP = NO;
				DEBUG_INFORMATION_FORMAT = "dwarf-with-dsym";
				ENABLE_NS_ASSERTIONS = NO;
				ENABLE_STRICT_OBJC_MSGSEND = YES;
				GCC_C_LANGUAGE_STANDARD = gnu11;
				GCC_NO_COMMON_BLOCKS = YES;
				GCC_WARN_64_TO_32_BIT_CONVERSION = YES;
				GCC_WARN_ABOUT_RETURN_TYPE = YES_ERROR;
				GCC_WARN_UNDECLARED_SELECTOR = YES;
				GCC_WARN_UNINITIALIZED_AUTOS = YES_AGGRESSIVE;
				GCC_WARN_UNUSED_FUNCTION = YES;
				GCC_WARN_UNUSED_VARIABLE = YES;
				IPHONEOS_DEPLOYMENT_TARGET = 16.2;
				MTL_ENABLE_DEBUG_INFO = NO;
				MTL_FAST_MATH = YES;
				SDKROOT = iphoneos;
				SWIFT_COMPILATION_MODE = wholemodule;
				SWIFT_OPTIMIZATION_LEVEL = "-O";
				VALIDATE_PRODUCT = YES;
			};
			name = Release;
		};
		CC5141B429B9ED320008C3E3 /* Debug */ = {
			isa = XCBuildConfiguration;
			buildSettings = {
				ASSETCATALOG_COMPILER_APPICON_NAME = AppIcon;
				ASSETCATALOG_COMPILER_GLOBAL_ACCENT_COLOR_NAME = AccentColor;
				CODE_SIGN_STYLE = Automatic;
				CURRENT_PROJECT_VERSION = 1;
				DEVELOPMENT_TEAM = 758TUHZUXD;
				GENERATE_INFOPLIST_FILE = YES;
				INFOPLIST_FILE = test/Info.plist;
				INFOPLIST_KEY_UIApplicationSupportsIndirectInputEvents = YES;
				INFOPLIST_KEY_UILaunchStoryboardName = LaunchScreen;
				INFOPLIST_KEY_UIMainStoryboardFile = Main;
				INFOPLIST_KEY_UISupportedInterfaceOrientations_iPad = "UIInterfaceOrientationPortrait UIInterfaceOrientationPortraitUpsideDown UIInterfaceOrientationLandscapeLeft UIInterfaceOrientationLandscapeRight";
				INFOPLIST_KEY_UISupportedInterfaceOrientations_iPhone = "UIInterfaceOrientationPortrait UIInterfaceOrientationLandscapeLeft UIInterfaceOrientationLandscapeRight";
				LD_RUNPATH_SEARCH_PATHS = (
					"$(inherited)",
					"@executable_path/Frameworks",
				);
				MARKETING_VERSION = 1.0;
				PRODUCT_BUNDLE_IDENTIFIER = com.korda.test;
				PRODUCT_NAME = "$(TARGET_NAME)";
				SWIFT_EMIT_LOC_STRINGS = YES;
				SWIFT_VERSION = 5.0;
				TARGETED_DEVICE_FAMILY = "1,2";
			};
			name = Debug;
		};
		CC5141B529B9ED320008C3E3 /* Release */ = {
			isa = XCBuildConfiguration;
			buildSettings = {
				ASSETCATALOG_COMPILER_APPICON_NAME = AppIcon;
				ASSETCATALOG_COMPILER_GLOBAL_ACCENT_COLOR_NAME = AccentColor;
				CODE_SIGN_STYLE = Automatic;
				CURRENT_PROJECT_VERSION = 1;
				DEVELOPMENT_TEAM = 758TUHZUXD;
				GENERATE_INFOPLIST_FILE = YES;
				INFOPLIST_FILE = test/Info.plist;
				INFOPLIST_KEY_UIApplicationSupportsIndirectInputEvents = YES;
				INFOPLIST_KEY_UILaunchStoryboardName = LaunchScreen;
				INFOPLIST_KEY_UIMainStoryboardFile = Main;
				INFOPLIST_KEY_UISupportedInterfaceOrientations_iPad = "UIInterfaceOrientationPortrait UIInterfaceOrientationPortraitUpsideDown UIInterfaceOrientationLandscapeLeft UIInterfaceOrientationLandscapeRight";
				INFOPLIST_KEY_UISupportedInterfaceOrientations_iPhone = "UIInterfaceOrientationPortrait UIInterfaceOrientationLandscapeLeft UIInterfaceOrientationLandscapeRight";
				LD_RUNPATH_SEARCH_PATHS = (
					"$(inherited)",
					"@executable_path/Frameworks",
				);
				MARKETING_VERSION = 1.0;
				PRODUCT_BUNDLE_IDENTIFIER = com.korda.test;
				PRODUCT_NAME = "$(TARGET_NAME)";
				SWIFT_EMIT_LOC_STRINGS = YES;
				SWIFT_VERSION = 5.0;
				TARGETED_DEVICE_FAMILY = "1,2";
			};
			name = Release;
		};
		CC5141B729B9ED320008C3E3 /* Debug */ = {
			isa = XCBuildConfiguration;
			buildSettings = {
				ALWAYS_EMBED_SWIFT_STANDARD_LIBRARIES = YES;
				BUNDLE_LOADER = "$(TEST_HOST)";
				CODE_SIGN_STYLE = Automatic;
				CURRENT_PROJECT_VERSION = 1;
				DEVELOPMENT_TEAM = 758TUHZUXD;
				GENERATE_INFOPLIST_FILE = YES;
				IPHONEOS_DEPLOYMENT_TARGET = 16.2;
				MARKETING_VERSION = 1.0;
				PRODUCT_BUNDLE_IDENTIFIER = com.korda.testTests;
				PRODUCT_NAME = "$(TARGET_NAME)";
				SWIFT_EMIT_LOC_STRINGS = NO;
				SWIFT_VERSION = 5.0;
				TARGETED_DEVICE_FAMILY = "1,2";
				TEST_HOST = "$(BUILT_PRODUCTS_DIR)/test.app/$(BUNDLE_EXECUTABLE_FOLDER_PATH)/test";
			};
			name = Debug;
		};
		CC5141B829B9ED320008C3E3 /* Release */ = {
			isa = XCBuildConfiguration;
			buildSettings = {
				ALWAYS_EMBED_SWIFT_STANDARD_LIBRARIES = YES;
				BUNDLE_LOADER = "$(TEST_HOST)";
				CODE_SIGN_STYLE = Automatic;
				CURRENT_PROJECT_VERSION = 1;
				DEVELOPMENT_TEAM = 758TUHZUXD;
				GENERATE_INFOPLIST_FILE = YES;
				IPHONEOS_DEPLOYMENT_TARGET = 16.2;
				MARKETING_VERSION = 1.0;
				PRODUCT_BUNDLE_IDENTIFIER = com.korda.testTests;
				PRODUCT_NAME = "$(TARGET_NAME)";
				SWIFT_EMIT_LOC_STRINGS = NO;
				SWIFT_VERSION = 5.0;
				TARGETED_DEVICE_FAMILY = "1,2";
				TEST_HOST = "$(BUILT_PRODUCTS_DIR)/test.app/$(BUNDLE_EXECUTABLE_FOLDER_PATH)/test";
			};
			name = Release;
		};
		CC5141BA29B9ED320008C3E3 /* Debug */ = {
			isa = XCBuildConfiguration;
			buildSettings = {
				ALWAYS_EMBED_SWIFT_STANDARD_LIBRARIES = YES;
				CODE_SIGN_STYLE = Automatic;
				CURRENT_PROJECT_VERSION = 1;
				DEVELOPMENT_TEAM = 758TUHZUXD;
				GENERATE_INFOPLIST_FILE = YES;
				MARKETING_VERSION = 1.0;
				PRODUCT_BUNDLE_IDENTIFIER = com.korda.testUITests;
				PRODUCT_NAME = "$(TARGET_NAME)";
				SWIFT_EMIT_LOC_STRINGS = NO;
				SWIFT_VERSION = 5.0;
				TARGETED_DEVICE_FAMILY = "1,2";
				TEST_TARGET_NAME = test;
			};
			name = Debug;
		};
		CC5141BB29B9ED320008C3E3 /* Release */ = {
			isa = XCBuildConfiguration;
			buildSettings = {
				ALWAYS_EMBED_SWIFT_STANDARD_LIBRARIES = YES;
				CODE_SIGN_STYLE = Automatic;
				CURRENT_PROJECT_VERSION = 1;
				DEVELOPMENT_TEAM = 758TUHZUXD;
				GENERATE_INFOPLIST_FILE = YES;
				MARKETING_VERSION = 1.0;
				PRODUCT_BUNDLE_IDENTIFIER = com.korda.testUITests;
				PRODUCT_NAME = "$(TARGET_NAME)";
				SWIFT_EMIT_LOC_STRINGS = NO;
				SWIFT_VERSION = 5.0;
				TARGETED_DEVICE_FAMILY = "1,2";
				TEST_TARGET_NAME = test;
			};
			name = Release;
		};
/* End XCBuildConfiguration section */

/* Begin XCConfigurationList section */
		CC51418129B9ED310008C3E3 /* Build configuration list for PBXProject "test" */ = {
			isa = XCConfigurationList;
			buildConfigurations = (
				CC5141B129B9ED320008C3E3 /* Debug */,
				CC5141B229B9ED320008C3E3 /* Release */,
			);
			defaultConfigurationIsVisible = 0;
			defaultConfigurationName = Release;
		};
		CC5141B329B9ED320008C3E3 /* Build configuration list for PBXNativeTarget "test" */ = {
			isa = XCConfigurationList;
			buildConfigurations = (
				CC5141B429B9ED320008C3E3 /* Debug */,
				CC5141B529B9ED320008C3E3 /* Release */,
			);
			defaultConfigurationIsVisible = 0;
			defaultConfigurationName = Release;
		};
		CC5141B629B9ED320008C3E3 /* Build configuration list for PBXNativeTarget "testTests" */ = {
			isa = XCConfigurationList;
			buildConfigurations = (
				CC5141B729B9ED320008C3E3 /* Debug */,
				CC5141B829B9ED320008C3E3 /* Release */,
			);
			defaultConfigurationIsVisible = 0;
			defaultConfigurationName = Release;
		};
		CC5141B929B9ED320008C3E3 /* Build configuration list for PBXNativeTarget "testUITests" */ = {
			isa = XCConfigurationList;
			buildConfigurations = (
				CC5141BA29B9ED320008C3E3 /* Debug */,
				CC5141BB29B9ED320008C3E3 /* Release */,
			);
			defaultConfigurationIsVisible = 0;
			defaultConfigurationName = Release;
		};
/* End XCConfigurationList section */

/* Begin XCVersionGroup section */
		CC51419229B9ED310008C3E3 /* test.xcdatamodeld */ = {
			isa = XCVersionGroup;
			children = (
				CC51419329B9ED310008C3E3 /* test.xcdatamodel */,
			);
			currentVersion = CC51419329B9ED310008C3E3 /* test.xcdatamodel */;
			path = test.xcdatamodeld;
			sourceTree = "<group>";
			versionGroupType = wrapper.xcdatamodel;
		};
/* End XCVersionGroup section */
	};
	rootObject = CC51417E29B9ED310008C3E3 /* Project object */;
}
